{
  "lockfileVersion": 1,
  "workspaces": {
    "": {
      "name": "@pluto-khronos/types",
      "dependencies": {
        "resolve-team": "^2.0.4",
        "zod": "^3.24.2",
      },
      "devDependencies": {
        "@biomejs/biome": "1.9.4",
        "@types/bun": "^1.2.3",
        "@types/node": "^22.13.5",
        "discord.js": "^14.18.0",
        "lefthook": "^1.11.0",
        "typedoc": "^0.27.8",
        "typedoc-plugin-markdown": "^4.4.2",
        "typedoc-plugin-mdn-links": "^4.0.14",
        "typedoc-plugin-zod": "^1.3.1",
        "typedoc-theme-hierarchy": "^5.0.4",
        "typescript": "^5.0.0",
      },
      "peerDependencies": {
        "discord.js": "^14.18.0",
      },
    },
  },
  "packages": {
    "@biomejs/biome": ["@biomejs/biome@1.9.4", "", { "optionalDependencies": { "@biomejs/cli-darwin-arm64": "1.9.4", "@biomejs/cli-darwin-x64": "1.9.4", "@biomejs/cli-linux-arm64": "1.9.4", "@biomejs/cli-linux-arm64-musl": "1.9.4", "@biomejs/cli-linux-x64": "1.9.4", "@biomejs/cli-linux-x64-musl": "1.9.4", "@biomejs/cli-win32-arm64": "1.9.4", "@biomejs/cli-win32-x64": "1.9.4" }, "bin": { "biome": "bin/biome" } }, "sha512-1rkd7G70+o9KkTn5KLmDYXihGoTaIGO9PIIN2ZB7UJxFrWw04CZHPYiMRjYsaDvVV7hP1dYNRLxSANLaBFGpog=="],

    "@biomejs/cli-darwin-arm64": ["@biomejs/cli-darwin-arm64@1.9.4", "", { "os": "darwin", "cpu": "arm64" }, "sha512-bFBsPWrNvkdKrNCYeAp+xo2HecOGPAy9WyNyB/jKnnedgzl4W4Hb9ZMzYNbf8dMCGmUdSavlYHiR01QaYR58cw=="],

    "@biomejs/cli-darwin-x64": ["@biomejs/cli-darwin-x64@1.9.4", "", { "os": "darwin", "cpu": "x64" }, "sha512-ngYBh/+bEedqkSevPVhLP4QfVPCpb+4BBe2p7Xs32dBgs7rh9nY2AIYUL6BgLw1JVXV8GlpKmb/hNiuIxfPfZg=="],

    "@biomejs/cli-linux-arm64": ["@biomejs/cli-linux-arm64@1.9.4", "", { "os": "linux", "cpu": "arm64" }, "sha512-fJIW0+LYujdjUgJJuwesP4EjIBl/N/TcOX3IvIHJQNsAqvV2CHIogsmA94BPG6jZATS4Hi+xv4SkBBQSt1N4/g=="],

    "@biomejs/cli-linux-arm64-musl": ["@biomejs/cli-linux-arm64-musl@1.9.4", "", { "os": "linux", "cpu": "arm64" }, "sha512-v665Ct9WCRjGa8+kTr0CzApU0+XXtRgwmzIf1SeKSGAv+2scAlW6JR5PMFo6FzqqZ64Po79cKODKf3/AAmECqA=="],

    "@biomejs/cli-linux-x64": ["@biomejs/cli-linux-x64@1.9.4", "", { "os": "linux", "cpu": "x64" }, "sha512-lRCJv/Vi3Vlwmbd6K+oQ0KhLHMAysN8lXoCI7XeHlxaajk06u7G+UsFSO01NAs5iYuWKmVZjmiOzJ0OJmGsMwg=="],

    "@biomejs/cli-linux-x64-musl": ["@biomejs/cli-linux-x64-musl@1.9.4", "", { "os": "linux", "cpu": "x64" }, "sha512-gEhi/jSBhZ2m6wjV530Yy8+fNqG8PAinM3oV7CyO+6c3CEh16Eizm21uHVsyVBEB6RIM8JHIl6AGYCv6Q6Q9Tg=="],

    "@biomejs/cli-win32-arm64": ["@biomejs/cli-win32-arm64@1.9.4", "", { "os": "win32", "cpu": "arm64" }, "sha512-tlbhLk+WXZmgwoIKwHIHEBZUwxml7bRJgk0X2sPyNR3S93cdRq6XulAZRQJ17FYGGzWne0fgrXBKpl7l4M87Hg=="],

    "@biomejs/cli-win32-x64": ["@biomejs/cli-win32-x64@1.9.4", "", { "os": "win32", "cpu": "x64" }, "sha512-8Y5wMhVIPaWe6jw2H+KlEm4wP/f7EW3810ZLmDlrEEy5KvBsb9ECEfu/kMWD484ijfQ8+nIi0giMgu9g1UAuuA=="],

    "@discordjs/builders": ["@discordjs/builders@1.10.1", "", { "dependencies": { "@discordjs/formatters": "^0.6.0", "@discordjs/util": "^1.1.1", "@sapphire/shapeshift": "^4.0.0", "discord-api-types": "^0.37.119", "fast-deep-equal": "^3.1.3", "ts-mixer": "^6.0.4", "tslib": "^2.6.3" } }, "sha512-OWo1fY4ztL1/M/DUyRPShB4d/EzVfuUvPTRRHRIt/YxBrUYSz0a+JicD5F5zHFoNs2oTuWavxCOVFV1UljHTng=="],

    "@discordjs/collection": ["@discordjs/collection@1.5.3", "", {}, "sha512-SVb428OMd3WO1paV3rm6tSjM4wC+Kecaa1EUGX7vc6/fddvw/6lg90z4QtCqm21zvVe92vMMDt9+DkIvjXImQQ=="],

    "@discordjs/formatters": ["@discordjs/formatters@0.6.0", "", { "dependencies": { "discord-api-types": "^0.37.114" } }, "sha512-YIruKw4UILt/ivO4uISmrGq2GdMY6EkoTtD0oS0GvkJFRZbTSdPhzYiUILbJ/QslsvC9H9nTgGgnarnIl4jMfw=="],

    "@discordjs/rest": ["@discordjs/rest@2.4.3", "", { "dependencies": { "@discordjs/collection": "^2.1.1", "@discordjs/util": "^1.1.1", "@sapphire/async-queue": "^1.5.3", "@sapphire/snowflake": "^3.5.3", "@vladfrangu/async_event_emitter": "^2.4.6", "discord-api-types": "^0.37.119", "magic-bytes.js": "^1.10.0", "tslib": "^2.6.3", "undici": "6.21.1" } }, "sha512-+SO4RKvWsM+y8uFHgYQrcTl/3+cY02uQOH7/7bKbVZsTfrfpoE62o5p+mmV+s7FVhTX82/kQUGGbu4YlV60RtA=="],

    "@discordjs/util": ["@discordjs/util@1.1.1", "", {}, "sha512-eddz6UnOBEB1oITPinyrB2Pttej49M9FZQY8NxgEvc3tq6ZICZ19m70RsmzRdDHk80O9NoYN/25AqJl8vPVf/g=="],

    "@discordjs/ws": ["@discordjs/ws@1.2.1", "", { "dependencies": { "@discordjs/collection": "^2.1.0", "@discordjs/rest": "^2.4.3", "@discordjs/util": "^1.1.0", "@sapphire/async-queue": "^1.5.2", "@types/ws": "^8.5.10", "@vladfrangu/async_event_emitter": "^2.2.4", "discord-api-types": "^0.37.119", "tslib": "^2.6.2", "ws": "^8.17.0" } }, "sha512-PBvenhZG56a6tMWF/f4P6f4GxZKJTBG95n7aiGSPTnodmz4N5g60t79rSIAq7ywMbv8A4jFtexMruH+oe51aQQ=="],

    "@gerrit0/mini-shiki": ["@gerrit0/mini-shiki@1.27.2", "", { "dependencies": { "@shikijs/engine-oniguruma": "^1.27.2", "@shikijs/types": "^1.27.2", "@shikijs/vscode-textmate": "^10.0.1" } }, "sha512-GeWyHz8ao2gBiUW4OJnQDxXQnFgZQwwQk05t/CVVgNBN7/rK8XZ7xY6YhLVv9tH3VppWWmr9DCl3MwemB/i+Og=="],

    "@sapphire/async-queue": ["@sapphire/async-queue@1.5.5", "", {}, "sha512-cvGzxbba6sav2zZkH8GPf2oGk9yYoD5qrNWdu9fRehifgnFZJMV+nuy2nON2roRO4yQQ+v7MK/Pktl/HgfsUXg=="],

    "@sapphire/shapeshift": ["@sapphire/shapeshift@4.0.0", "", { "dependencies": { "fast-deep-equal": "^3.1.3", "lodash": "^4.17.21" } }, "sha512-d9dUmWVA7MMiKobL3VpLF8P2aeanRTu6ypG2OIaEv/ZHH/SUQ2iHOVyi5wAPjQ+HmnMuL0whK9ez8I/raWbtIg=="],

    "@sapphire/snowflake": ["@sapphire/snowflake@3.5.3", "", {}, "sha512-jjmJywLAFoWeBi1W7994zZyiNWPIiqRRNAmSERxyg93xRGzNYvGjlZ0gR6x0F4gPRi2+0O6S71kOZYyr3cxaIQ=="],

    "@shikijs/engine-oniguruma": ["@shikijs/engine-oniguruma@1.29.2", "", { "dependencies": { "@shikijs/types": "1.29.2", "@shikijs/vscode-textmate": "^10.0.1" } }, "sha512-7iiOx3SG8+g1MnlzZVDYiaeHe7Ez2Kf2HrJzdmGwkRisT7r4rak0e655AcM/tF9JG/kg5fMNYlLLKglbN7gBqA=="],

    "@shikijs/types": ["@shikijs/types@1.29.2", "", { "dependencies": { "@shikijs/vscode-textmate": "^10.0.1", "@types/hast": "^3.0.4" } }, "sha512-VJjK0eIijTZf0QSTODEXCqinjBn0joAHQ+aPSBzrv4O2d/QSbsMw+ZeSRx03kV34Hy7NzUvV/7NqfYGRLrASmw=="],

    "@shikijs/vscode-textmate": ["@shikijs/vscode-textmate@10.0.2", "", {}, "sha512-83yeghZ2xxin3Nj8z1NMd/NCuca+gsYXswywDy5bHvwlWL8tpTQmzGeUuHd9FC3E/SBEMvzJRwWEOz5gGes9Qg=="],

    "@types/bun": ["@types/bun@1.2.3", "", { "dependencies": { "bun-types": "1.2.3" } }, "sha512-054h79ipETRfjtsCW9qJK8Ipof67Pw9bodFWmkfkaUaRiIQ1dIV2VTlheshlBx3mpKr0KeK8VqnMMCtgN9rQtw=="],

    "@types/hast": ["@types/hast@3.0.4", "", { "dependencies": { "@types/unist": "*" } }, "sha512-WPs+bbQw5aCj+x6laNGWLH3wviHtoCv/P3+otBhbOhJgG8qtpdAMlTCxLtsTWA7LH1Oh/bFCHsBn0TPS5m30EQ=="],

    "@types/node": ["@types/node@22.13.5", "", { "dependencies": { "undici-types": "~6.20.0" } }, "sha512-+lTU0PxZXn0Dr1NBtC7Y8cR21AJr87dLLU953CWA6pMxxv/UDc7jYAY90upcrie1nRcD6XNG5HOYEDtgW5TxAg=="],

    "@types/unist": ["@types/unist@3.0.3", "", {}, "sha512-ko/gIFJRv177XgZsZcBwnqJN5x/Gien8qNOn0D5bQU/zAzVf9Zt3BlcUiLqhV9y4ARk0GbT3tnUiPNgnTXzc/Q=="],

    "@types/ws": ["@types/ws@8.5.14", "", { "dependencies": { "@types/node": "*" } }, "sha512-bd/YFLW+URhBzMXurx7lWByOu+xzU9+kb3RboOteXYDfW+tr+JZa99OyNmPINEGB/ahzKrEuc8rcv4gnpJmxTw=="],

    "@vladfrangu/async_event_emitter": ["@vladfrangu/async_event_emitter@2.4.6", "", {}, "sha512-RaI5qZo6D2CVS6sTHFKg1v5Ohq/+Bo2LZ5gzUEwZ/WkHhwtGTCB/sVLw8ijOkAUxasZ+WshN/Rzj4ywsABJ5ZA=="],

    "argparse": ["argparse@2.0.1", "", {}, "sha512-8+9WqebbFzpX9OR+Wa6O29asIogeRMzcGtAINdpMHHyAg10f05aSFVBbcEqGf/PXw1EjAZ+q2/bEBg3DvurK3Q=="],

    "balanced-match": ["balanced-match@1.0.2", "", {}, "sha512-3oSeUO0TMV67hN1AmbXsK4yaqU7tjiHlbxRDZOpH0KW9+CeX4bRAaX0Anxt0tx2MrpRpWwQaPwIlISEJhYU5Pw=="],

    "brace-expansion": ["brace-expansion@2.0.1", "", { "dependencies": { "balanced-match": "^1.0.0" } }, "sha512-XnAIvQ8eM+kC6aULx6wuQiwVsnzsi9d3WxzV3FpWTGA19F621kwdbsAcFKXgKUHZWsy+mY6iL1sHTxWEFCytDA=="],

    "bun-types": ["bun-types@1.2.3", "", { "dependencies": { "@types/node": "*", "@types/ws": "~8.5.10" } }, "sha512-P7AeyTseLKAvgaZqQrvp3RqFM3yN9PlcLuSTe7SoJOfZkER73mLdT2vEQi8U64S1YvM/ldcNiQjn0Sn7H9lGgg=="],

    "discord-api-types": ["discord-api-types@0.37.119", "", {}, "sha512-WasbGFXEB+VQWXlo6IpW3oUv73Yuau1Ig4AZF/m13tXcTKnMpc/mHjpztIlz4+BM9FG9BHQkEXiPto3bKduQUg=="],

    "discord.js": ["discord.js@14.18.0", "", { "dependencies": { "@discordjs/builders": "^1.10.1", "@discordjs/collection": "1.5.3", "@discordjs/formatters": "^0.6.0", "@discordjs/rest": "^2.4.3", "@discordjs/util": "^1.1.1", "@discordjs/ws": "^1.2.1", "@sapphire/snowflake": "3.5.3", "discord-api-types": "^0.37.119", "fast-deep-equal": "3.1.3", "lodash.snakecase": "4.1.1", "tslib": "^2.6.3", "undici": "6.21.1" } }, "sha512-SvU5kVUvwunQhN2/+0t55QW/1EHfB1lp0TtLZUSXVHDmyHTrdOj5LRKdR0zLcybaA15F+NtdWuWmGOX9lE+CAw=="],

    "entities": ["entities@4.5.0", "", {}, "sha512-V0hjH4dGPh9Ao5p0MoRY6BVqtwCjhz6vI5LT8AJ55H+4g9/4vbHx1I54fS0XuclLhDHArPQCiMjDxjaL8fPxhw=="],

    "fast-deep-equal": ["fast-deep-equal@3.1.3", "", {}, "sha512-f3qQ9oQy9j2AhBe/H9VC91wLmKBCCU/gDOnKNAYG5hswO7BLKj09Hc5HYNz9cGI++xlpDCIgDaitVs03ATR84Q=="],

    "fs-extra": ["fs-extra@11.1.1", "", { "dependencies": { "graceful-fs": "^4.2.0", "jsonfile": "^6.0.1", "universalify": "^2.0.0" } }, "sha512-MGIE4HOvQCeUCzmlHs0vXpih4ysz4wg9qiSAu6cd42lVwPbTM1TjV7RusoyQqMmk/95gdQZX72u+YW+c3eEpFQ=="],

    "fuse.js": ["fuse.js@7.1.0", "", {}, "sha512-trLf4SzuuUxfusZADLINj+dE8clK1frKdmqiJNb1Es75fmI5oY6X2mxLVUciLLjxqw/xr72Dhy+lER6dGd02FQ=="],

    "graceful-fs": ["graceful-fs@4.2.11", "", {}, "sha512-RbJ5/jmFcNNCcDV5o9eTnBLJ/HszWV0P73bc+Ff4nS/rJj+YaS6IGyiOL0VoBYX+l1Wrl3k63h/KrH+nhJ0XvQ=="],

    "jsonfile": ["jsonfile@6.1.0", "", { "dependencies": { "universalify": "^2.0.0" }, "optionalDependencies": { "graceful-fs": "^4.1.6" } }, "sha512-5dgndWOriYSm5cnYaJNhalLNDKOqFwyDB/rr1E9ZsGciGvKPs8R2xYGCacuf3z6K1YKDz182fd+fY3cn3pMqXQ=="],

    "lefthook": ["lefthook@1.11.0", "", { "optionalDependencies": { "lefthook-darwin-arm64": "1.11.0", "lefthook-darwin-x64": "1.11.0", "lefthook-freebsd-arm64": "1.11.0", "lefthook-freebsd-x64": "1.11.0", "lefthook-linux-arm64": "1.11.0", "lefthook-linux-x64": "1.11.0", "lefthook-openbsd-arm64": "1.11.0", "lefthook-openbsd-x64": "1.11.0", "lefthook-windows-arm64": "1.11.0", "lefthook-windows-x64": "1.11.0" }, "bin": { "lefthook": "bin/index.js" } }, "sha512-FSNRtrcFIe0FUxqEs/0ZYyY7yUvAXLrY8Fic1CRagcSpcC7MByjAV2utkTaslGo4+GPLaZnZL4JD1lNdN/8r2A=="],

    "lefthook-darwin-arm64": ["lefthook-darwin-arm64@1.11.0", "", { "os": "darwin", "cpu": "arm64" }, "sha512-1Man6kmkFIB6Kn0vjrnPaBvIena3cZp/BjN58mCV3ErS5OjYDWtuUe2bl+y1uYDoNzOjiQQvdGWplroYD7Lslw=="],

    "lefthook-darwin-x64": ["lefthook-darwin-x64@1.11.0", "", { "os": "darwin", "cpu": "x64" }, "sha512-rQ7JJlLjaJNEk/mw7hp2/yGSdsmD2ZcQoH3slSQKfNaMjpZX3HXyBjZODUWtWqx7XqHqgU/SURMNmh/neBirdA=="],

    "lefthook-freebsd-arm64": ["lefthook-freebsd-arm64@1.11.0", "", { "os": "freebsd", "cpu": "arm64" }, "sha512-4FzuYhwtVdekslo6sa3p8ZR2q2qsFtwaNPCUXoisre1aKdL0k8QNQlk0fCZ20/WK7lu+N21CUOKP3LI8iY1dHQ=="],

    "lefthook-freebsd-x64": ["lefthook-freebsd-x64@1.11.0", "", { "os": "freebsd", "cpu": "x64" }, "sha512-26bOviVrePVJ9pOTFsJgRaS1ZigbTPj3OZFbMlLT+0Cu54uFKZWe5BNg1AZ2y4ioNrg16pilWZYNyc5wL0DlIg=="],

    "lefthook-linux-arm64": ["lefthook-linux-arm64@1.11.0", "", { "os": "linux", "cpu": "arm64" }, "sha512-iNfa92n4M9EGMKGC8j3l6nlAjX8o7KnuHMA1pWudiSnPwfJwJozNcZH/jhe+A0eqYLkvZ18OlAmJfXFrVBQ0Lg=="],

    "lefthook-linux-x64": ["lefthook-linux-x64@1.11.0", "", { "os": "linux", "cpu": "x64" }, "sha512-2NtenHWnPbv27CufQwxVj6HaHqvZmP4qfFwgt+yMmghLml9WLmY3fHjw+CDhAKvlKsBv1mPuE+sGVEhnz7R0zA=="],

    "lefthook-openbsd-arm64": ["lefthook-openbsd-arm64@1.11.0", "", { "os": "openbsd", "cpu": "arm64" }, "sha512-j4kxeWUWDcofJHZs4yF0JnoRRuE92xekxh2i22mdufVmCBNOSiWGOT78hT5UwfQucjVjKY3oCtGH29ItiY0J1g=="],

    "lefthook-openbsd-x64": ["lefthook-openbsd-x64@1.11.0", "", { "os": "openbsd", "cpu": "x64" }, "sha512-QaTbLaDpdSjHLsNronxYqrEVEMV2+wRnF8kvffAiWIoMl1Z15acxHNrGtXNywZ4OhsKifqt6w+CLQyoZfm7u7g=="],

    "lefthook-windows-arm64": ["lefthook-windows-arm64@1.11.0", "", { "os": "win32", "cpu": "arm64" }, "sha512-dxtQ+JCOaHJBuC+I4y0ati0cT62vui2WUlhc4AS/UPv3kp/UZC8ahdnYPAlg3xVLmAgb0nBOyHm7pYVq3A62MQ=="],

    "lefthook-windows-x64": ["lefthook-windows-x64@1.11.0", "", { "os": "win32", "cpu": "x64" }, "sha512-7ca/WQS3TYBwL2puzTFHM8wj6zZGuRlZKYkzLQncJ3+9UjVL+kcT9PuL4kOMs7sXyCsAYsdhNuko70w/28nTRA=="],

    "linkify-it": ["linkify-it@5.0.0", "", { "dependencies": { "uc.micro": "^2.0.0" } }, "sha512-5aHCbzQRADcdP+ATqnDuhhJ/MRIqDkZX5pyjFHRRysS8vZ5AbqGEoFIb6pYHPZ+L/OC2Lc+xT8uHVVR5CAK/wQ=="],

    "lodash": ["lodash@4.17.21", "", {}, "sha512-v2kDEe57lecTulaDIuNTPy3Ry4gLGJ6Z1O3vE1krgXZNrsQ+LFTGHVxVjcXPs17LhbZVGedAJv8XZ1tvj5FvSg=="],

    "lodash.snakecase": ["lodash.snakecase@4.1.1", "", {}, "sha512-QZ1d4xoBHYUeuouhEq3lk3Uq7ldgyFXGBhg04+oRLnIz8o9T65Eh+8YdroUwn846zchkA9yDsDl5CVVaV2nqYw=="],

    "lunr": ["lunr@2.3.9", "", {}, "sha512-zTU3DaZaF3Rt9rhN3uBMGQD3dD2/vFQqnvZCDv4dl5iOzq2IZQqTxu90r4E5J+nP70J3ilqVCrbho2eWaeW8Ow=="],

    "magic-bytes.js": ["magic-bytes.js@1.10.0", "", {}, "sha512-/k20Lg2q8LE5xiaaSkMXk4sfvI+9EGEykFS4b0CHHGWqDYU0bGUFSwchNOMA56D7TCs9GwVTkqe9als1/ns8UQ=="],

    "markdown-it": ["markdown-it@14.1.0", "", { "dependencies": { "argparse": "^2.0.1", "entities": "^4.4.0", "linkify-it": "^5.0.0", "mdurl": "^2.0.0", "punycode.js": "^2.3.1", "uc.micro": "^2.1.0" }, "bin": { "markdown-it": "bin/markdown-it.mjs" } }, "sha512-a54IwgWPaeBCAAsv13YgmALOF1elABB08FxO9i+r4VFk5Vl4pKokRPeX8u5TCgSsPi6ec1otfLjdOpVcgbpshg=="],

    "mdurl": ["mdurl@2.0.0", "", {}, "sha512-Lf+9+2r+Tdp5wXDXC4PcIBjTDtq4UKjCPMQhKIuzpJNW0b96kVqSwW0bT7FhRSfmAiFYgP+SCRvdrDozfh0U5w=="],

    "minimatch": ["minimatch@9.0.5", "", { "dependencies": { "brace-expansion": "^2.0.1" } }, "sha512-G6T0ZX48xgozx7587koeX9Ys2NYy6Gmv//P89sEte9V9whIapMNF4idKxnW2QtCcLiTWlb/wfCabAtAFWhhBow=="],

    "punycode.js": ["punycode.js@2.3.1", "", {}, "sha512-uxFIHU0YlHYhDQtV4R9J6a52SLx28BCjT+4ieh7IGbgwVJWO+km431c4yRlREUAsAmt/uMjQUyQHNEPf0M39CA=="],

    "resolve-team": ["resolve-team@2.0.4", "", { "dependencies": { "fuse.js": "^7.1.0" } }, "sha512-VIW4T2pjVoGy0T53Dm0GW7YB3gp6DSgX8JwI0kXyj5nafUohiWi6I6J7sx0tgSJJA6vdEApR0P3lBDqhoMUAEw=="],

    "ts-mixer": ["ts-mixer@6.0.4", "", {}, "sha512-ufKpbmrugz5Aou4wcr5Wc1UUFWOLhq+Fm6qa6P0w0K5Qw2yhaUoiWszhCVuNQyNwrlGiscHOmqYoAox1PtvgjA=="],

    "tslib": ["tslib@2.8.1", "", {}, "sha512-oJFu94HQb+KVduSUQL7wnpmqnfmLsOA/nAh6b6EH0wCEoK0/mPeXU6c3wKDV83MkOuHPRHtSXKKU99IBazS/2w=="],

    "typedoc": ["typedoc@0.27.8", "", { "dependencies": { "@gerrit0/mini-shiki": "^1.24.0", "lunr": "^2.3.9", "markdown-it": "^14.1.0", "minimatch": "^9.0.5", "yaml": "^2.6.1" }, "peerDependencies": { "typescript": "5.0.x || 5.1.x || 5.2.x || 5.3.x || 5.4.x || 5.5.x || 5.6.x || 5.7.x" }, "bin": { "typedoc": "bin/typedoc" } }, "sha512-q0/2TUunNEDmWkn23ULKGXieK8cgGuAmBUXC/HcZ/rgzMI9Yr4Nq3in1K1vT1NZ9zx6M78yTk3kmIPbwJgK5KA=="],

    "typedoc-plugin-markdown": ["typedoc-plugin-markdown@4.4.2", "", { "peerDependencies": { "typedoc": "0.27.x" } }, "sha512-kJVkU2Wd+AXQpyL6DlYXXRrfNrHrEIUgiABWH8Z+2Lz5Sq6an4dQ/hfvP75bbokjNDUskOdFlEEm/0fSVyC7eg=="],

    "typedoc-plugin-mdn-links": ["typedoc-plugin-mdn-links@4.0.14", "", { "peerDependencies": { "typedoc": "0.26.x || 0.27.x" } }, "sha512-IDILzJr4OzNb5uAWWRMZYny80Q6jUQerAwskdYbNMwaHMRwsB3+y8oqYYE7/PyH+kJVvJnCC4G2wnAQ3CLdgqA=="],

    "typedoc-plugin-zod": ["typedoc-plugin-zod@1.3.1", "", { "peerDependencies": { "typedoc": "0.23.x || 0.24.x || 0.25.x || 0.26.x || 0.27.x" } }, "sha512-u4NH1Ez168gRNnhUd0x4pZhp85maJ9y050IxSok9XwdzTpUA9NN0ee3ho8ssrzmxsvO2UDbDEiks7xtI0p6UXA=="],

    "typedoc-theme-hierarchy": ["typedoc-theme-hierarchy@5.0.4", "", { "dependencies": { "fs-extra": "11.1.1" }, "peerDependencies": { "typedoc": "^0.26.0 || ^0.27.0" } }, "sha512-gDM5gn39LalueIDLMVVIZvtko318nlMLpoWZx3cagBI07LRkncQBkEcbH2nxWhZbORha1LfCf6M5YAI3U2M9wg=="],

    "typescript": ["typescript@5.7.3", "", { "bin": { "tsc": "bin/tsc", "tsserver": "bin/tsserver" } }, "sha512-84MVSjMEHP+FQRPy3pX9sTVV/INIex71s9TL2Gm5FG/WG1SqXeKyZ0k7/blY/4FdOzI12CBy1vGc4og/eus0fw=="],

    "uc.micro": ["uc.micro@2.1.0", "", {}, "sha512-ARDJmphmdvUk6Glw7y9DQ2bFkKBHwQHLi2lsaH6PPmz/Ka9sFOBsBluozhDltWmnv9u/cF6Rt87znRTPV+yp/A=="],

    "undici": ["undici@6.21.1", "", {}, "sha512-q/1rj5D0/zayJB2FraXdaWxbhWiNKDvu8naDT2dl1yTlvJp4BLtOcp2a5BvgGNQpYYJzau7tf1WgKv3b+7mqpQ=="],

    "undici-types": ["undici-types@6.20.0", "", {}, "sha512-Ny6QZ2Nju20vw1SRHe3d9jVu6gJ+4e3+MMpqu7pqE5HT6WsTSlce++GQmK5UXS8mzV8DSYHrQH+Xrf2jVcuKNg=="],

    "universalify": ["universalify@2.0.1", "", {}, "sha512-gptHNQghINnc/vTGIk0SOFGFNXw7JVrlRUtConJRlvaw6DuX0wO5Jeko9sWrMBhh+PsYAZ7oXAiOnf/UKogyiw=="],

    "ws": ["ws@8.18.1", "", { "peerDependencies": { "bufferutil": "^4.0.1", "utf-8-validate": ">=5.0.2" }, "optionalPeers": ["bufferutil", "utf-8-validate"] }, "sha512-RKW2aJZMXeMxVpnZ6bck+RswznaxmzdULiBr6KY7XkTnW8uvt0iT9H5DkHUChXrc+uurzwa0rVI16n/Xzjdz1w=="],

    "yaml": ["yaml@2.7.0", "", { "bin": { "yaml": "bin.mjs" } }, "sha512-+hSoy/QHluxmC9kCIJyL/uyFmLmc+e5CFR5Wa+bpIhIj85LVb9ZH2nVnqrHoSvKogwODv0ClqZkmiSSaIH5LTA=="],

    "zod": ["zod@3.24.2", "", {}, "sha512-lY7CDW43ECgW9u1TcT3IoXHflywfVqDYze4waEz812jR/bZ8FHDsl7pFQoSZTz5N+2NqRXs8GBwnAwo3ZNxqhQ=="],

    "@discordjs/rest/@discordjs/collection": ["@discordjs/collection@2.1.1", "", {}, "sha512-LiSusze9Tc7qF03sLCujF5iZp7K+vRNEDBZ86FT9aQAv3vxMLihUvKvpsCWiQ2DJq1tVckopKm1rxomgNUc9hg=="],

    "@discordjs/ws/@discordjs/collection": ["@discordjs/collection@2.1.1", "", {}, "sha512-LiSusze9Tc7qF03sLCujF5iZp7K+vRNEDBZ86FT9aQAv3vxMLihUvKvpsCWiQ2DJq1tVckopKm1rxomgNUc9hg=="],
  }
}
